PODS:
  - BetterSegmentedControl (2.0.1)
  - BluetoothKit (0.4.0)
  - Charts (3.6.0):
    - Charts/Core (= 3.6.0)
  - Charts/Core (3.6.0)
  - DatePickerDialog (4.0)
  - DropDown (2.3.13)
  - ESTabBarController-swift (2.8.0)
  - IceCream (2.0.0):
    - RealmSwift
  - IQKeyboardManagerSwift (6.5.6)
  - Localize-Swift (3.2.0):
    - Localize-Swift/LocalizeSwiftCore (= 3.2.0)
    - Localize-Swift/UIKit (= 3.2.0)
  - Localize-Swift/LocalizeSwiftCore (3.2.0)
  - Localize-Swift/UIKit (3.2.0):
    - Localize-Swift/LocalizeSwiftCore
  - Logging (1.4.0)
  - QuickLayout (3.0.0)
  - Realm (10.7.2):
    - Realm/Headers (= 10.7.2)
  - Realm/Headers (10.7.2)
  - RealmSwift (10.7.2):
    - Realm (= 10.7.2)
  - SkyFloatingLabelTextField (4.0.0)
  - SnapKit (5.0.1)
  - SPPermissions/Bluetooth (5.4.2):
    - SPPermissions/Core
  - SPPermissions/Core (5.4.2)
  - SVProgressHUD (2.2.5)
  - SwiftDate (6.3.1)
  - SwiftEntryKit (1.2.7):
    - QuickLayout (= 3.0.0)
  - SwifterSwift (5.2.0):
    - SwifterSwift/AppKit (= 5.2.0)
    - SwifterSwift/CoreAnimation (= 5.2.0)
    - SwifterSwift/CoreGraphics (= 5.2.0)
    - SwifterSwift/CoreLocation (= 5.2.0)
    - SwifterSwift/Dispatch (= 5.2.0)
    - SwifterSwift/Foundation (= 5.2.0)
    - SwifterSwift/MapKit (= 5.2.0)
    - SwifterSwift/SceneKit (= 5.2.0)
    - SwifterSwift/SpriteKit (= 5.2.0)
    - SwifterSwift/StoreKit (= 5.2.0)
    - SwifterSwift/SwiftStdlib (= 5.2.0)
    - SwifterSwift/UIKit (= 5.2.0)
  - SwifterSwift/AppKit (5.2.0)
  - SwifterSwift/CoreAnimation (5.2.0)
  - SwifterSwift/CoreGraphics (5.2.0)
  - SwifterSwift/CoreLocation (5.2.0)
  - SwifterSwift/Dispatch (5.2.0)
  - SwifterSwift/Foundation (5.2.0)
  - SwifterSwift/MapKit (5.2.0)
  - SwifterSwift/SceneKit (5.2.0)
  - SwifterSwift/SpriteKit (5.2.0)
  - SwifterSwift/StoreKit (5.2.0)
  - SwifterSwift/SwiftStdlib (5.2.0)
  - SwifterSwift/UIKit (5.2.0)
  - SwiftyUserDefaults (5.3.0)

DEPENDENCIES:
  - BetterSegmentedControl
  - BluetoothKit
  - Charts
  - DatePickerDialog
  - DropDown
  - ESTabBarController-swift
  - IceCream
  - IQKeyboardManagerSwift
  - Localize-Swift
  - Logging
  - RealmSwift
  - SkyFloatingLabelTextField
  - SnapKit
  - SPPermissions/Bluetooth
  - SVProgressHUD
  - SwiftDate
  - SwiftEntryKit
  - SwifterSwift
  - SwiftyUserDefaults

SPEC REPOS:
  https://github.com/CocoaPods/Specs.git:
    - BetterSegmentedControl
    - BluetoothKit
    - Charts
    - DatePickerDialog
    - DropDown
    - ESTabBarController-swift
    - IceCream
    - IQKeyboardManagerSwift
    - Localize-Swift
    - Logging
    - QuickLayout
    - Realm
    - RealmSwift
    - SkyFloatingLabelTextField
    - SnapKit
    - SPPermissions
    - SVProgressHUD
    - SwiftDate
    - SwiftEntryKit
    - SwifterSwift
    - SwiftyUserDefaults

SPEC CHECKSUMS:
  BetterSegmentedControl: 09607b27861d49cbce48b7673b74f9150a3d371a
  BluetoothKit: 00e189e01ba765e2689c46fbd8d0ede62984441b
  Charts: b1e3a1f5a1c9ba5394438ca3b91bd8c9076310af
  DatePickerDialog: ccff2f91ff7a018057a4d72fa5ad6de49c8cb0cd
  DropDown: 8a2116376c1981888557f72ec2ffc9a5e0e456ec
  ESTabBarController-swift: 05593a6ad64700b03c0eb60ff625916370aa4136
  IceCream: a7d6ffdef8e36ce1d089738e51d5e918c4862fd8
  IQKeyboardManagerSwift: c7df9d2deb356c04522f5c4b7b6e4ce4d8ed94fe
  Localize-Swift: 6f4475136bdb0d7b2882ea3d4ea919d70142b232
  Logging: beeb016c9c80cf77042d62e83495816847ef108b
  QuickLayout: 07b45a72b10083fee3f095990cfed1c1e7b27f0a
  Realm: e523da9ade306c5ae87e85dc09fdef148d3e1cc1
  RealmSwift: 4f6758c3adbdcc87f7b7777107226532a077f61c
  SkyFloatingLabelTextField: 79ddc40e4ad59707fedbb48d605417aee48bb78a
  SnapKit: 97b92857e3df3a0c71833cce143274bf6ef8e5eb
  SPPermissions: f516d117ced15316a5d4dd667274d12e1c3e8a4b
  SVProgressHUD: 1428aafac632c1f86f62aa4243ec12008d7a51d6
  SwiftDate: 72d28954e8e1c6c1c0f917ccc8005e4f83c7d4b2
  SwiftEntryKit: 537c92699d6034efb1ef9c32b11e0b37c97aa589
  SwifterSwift: 334181863c416882d97b7a60c05054d9e4d799e2
  SwiftyUserDefaults: 63f80248cf5bfb3458825d9a78f2eb7e1293a040

PODFILE CHECKSUM: 628541904f6cbff7bcf8da87d49fb6184be366d0

COCOAPODS: 1.10.0
