PODS:
  - ActiveLabel (1.1.0)
  - BEMCheckBox (1.4.1)
  - BetterSegmentedControl (2.0.1)
  - BluetoothKit (0.4.0)
  - Cache (6.0.0)
  - Carbon (0.3.0):
    - DifferenceKit/Core (~> 1.1)
  - CardParts (3.4.0):
    - RxCocoa (~> 5.0)
    - RxDataSources (~> 4.0)
    - RxGesture (~> 3.0)
    - RxSwift (~> 5.0)
  - Charts (3.6.0):
    - Charts/Core (= 3.6.0)
  - Charts/Core (3.6.0)
  - DeviceKit (4.3.0)
  - DifferenceKit/Core (1.1.5)
  - Differentiator (4.0.1)
  - DropDown (2.3.13)
  - EasyTipView (2.1.0)
  - ESTabBarController-swift (2.8.0)
  - FluentDarkModeKit (1.0.1)
  - GRDB.swift (5.5.0):
    - GRDB.swift/standard (= 5.5.0)
  - GRDB.swift/standard (5.5.0)
  - Hero (1.6.1)
  - HorizonCalendar (1.8.0)
  - Localize-Swift (3.2.0):
    - Localize-Swift/LocalizeSwiftCore (= 3.2.0)
    - Localize-Swift/UIKit (= 3.2.0)
  - Localize-Swift/LocalizeSwiftCore (3.2.0)
  - Localize-Swift/UIKit (3.2.0):
    - Localize-Swift/LocalizeSwiftCore
  - MarqueeLabel (4.0.5)
  - MicrosoftFluentUI (0.2.2):
    - MicrosoftFluentUI/AvatarView_mac (= 0.2.2)
    - MicrosoftFluentUI/Button_mac (= 0.2.2)
    - MicrosoftFluentUI/Calendar_ios (= 0.2.2)
    - MicrosoftFluentUI/Card_ios (= 0.2.2)
    - MicrosoftFluentUI/CommandBar_ios (= 0.2.2)
    - MicrosoftFluentUI/Controls_ios (= 0.2.2)
    - MicrosoftFluentUI/Core_ios (= 0.2.2)
    - MicrosoftFluentUI/Core_mac (= 0.2.2)
    - MicrosoftFluentUI/DatePicker_mac (= 0.2.2)
    - MicrosoftFluentUI/Drawer_ios (= 0.2.2)
    - MicrosoftFluentUI/HUD_ios (= 0.2.2)
    - MicrosoftFluentUI/Link_mac (= 0.2.2)
    - MicrosoftFluentUI/Notification_ios (= 0.2.2)
    - MicrosoftFluentUI/PillButtonBar_ios (= 0.2.2)
    - MicrosoftFluentUI/PopupMenu_ios (= 0.2.2)
    - MicrosoftFluentUI/Presenters_ios (= 0.2.2)
    - MicrosoftFluentUI/SegmentedControl_ios (= 0.2.2)
    - MicrosoftFluentUI/Separator_mac (= 0.2.2)
    - MicrosoftFluentUI/Shimmer_ios (= 0.2.2)
    - MicrosoftFluentUI/TabBar_ios (= 0.2.2)
    - MicrosoftFluentUI/Tooltip_ios (= 0.2.2)
    - MicrosoftFluentUI/Utilities_ios (= 0.2.2)
  - MicrosoftFluentUI/Calendar_ios (0.2.2):
    - MicrosoftFluentUI/Presenters_ios
    - MicrosoftFluentUI/SegmentedControl_ios
  - MicrosoftFluentUI/Card_ios (0.2.2):
    - MicrosoftFluentUI/Controls_ios
  - MicrosoftFluentUI/CommandBar_ios (0.2.2):
    - MicrosoftFluentUI/Core_ios
  - MicrosoftFluentUI/Controls_ios (0.2.2):
    - MicrosoftFluentUI/Core_ios
  - MicrosoftFluentUI/Core_ios (0.2.2)
  - MicrosoftFluentUI/Drawer_ios (0.2.2):
    - MicrosoftFluentUI/Controls_ios
  - MicrosoftFluentUI/HUD_ios (0.2.2):
    - MicrosoftFluentUI/Controls_ios
  - MicrosoftFluentUI/Notification_ios (0.2.2):
    - MicrosoftFluentUI/Controls_ios
  - MicrosoftFluentUI/PillButtonBar_ios (0.2.2):
    - MicrosoftFluentUI/Core_ios
  - MicrosoftFluentUI/PopupMenu_ios (0.2.2):
    - MicrosoftFluentUI/Drawer_ios
  - MicrosoftFluentUI/Presenters_ios (0.2.2):
    - MicrosoftFluentUI/Controls_ios
  - MicrosoftFluentUI/SegmentedControl_ios (0.2.2):
    - MicrosoftFluentUI/Controls_ios
    - MicrosoftFluentUI/PillButtonBar_ios
  - MicrosoftFluentUI/Shimmer_ios (0.2.2):
    - MicrosoftFluentUI/Core_ios
    - MicrosoftFluentUI/Utilities_ios
  - MicrosoftFluentUI/TabBar_ios (0.2.2):
    - MicrosoftFluentUI/Controls_ios
  - MicrosoftFluentUI/Tooltip_ios (0.2.2):
    - MicrosoftFluentUI/Controls_ios
  - MicrosoftFluentUI/Utilities_ios (0.2.2)
  - NewPopMenu (2.1.2)
  - QuickLayout (3.0.0)
  - Reusable (4.1.1):
    - Reusable/Storyboard (= 4.1.1)
    - Reusable/View (= 4.1.1)
  - Reusable/Storyboard (4.1.1)
  - Reusable/View (4.1.1)
  - RxCocoa (5.1.1):
    - RxRelay (~> 5)
    - RxSwift (~> 5)
  - RxDataSources (4.0.1):
    - Differentiator (~> 4.0)
    - RxCocoa (~> 5.0)
    - RxSwift (~> 5.0)
  - RxGesture (3.0.2):
    - RxCocoa (~> 5.1)
    - RxSwift (~> 5.1)
  - RxRelay (5.1.1):
    - RxSwift (~> 5)
  - RxSwift (5.1.2)
  - SegementSlide (3.0.1)
  - Sheeeeeeeeet (3.1.4)
  - SkyFloatingLabelTextField (4.0.0)
  - SnapKit (5.0.1)
  - SPPermissions/Bluetooth (5.4.1):
    - SPPermissions/Core
  - SPPermissions/Core (5.4.1)
  - SwiftEntryKit (1.2.7):
    - QuickLayout (= 3.0.0)
  - SwifterSwift (5.2.0):
    - SwifterSwift/AppKit (= 5.2.0)
    - SwifterSwift/CoreAnimation (= 5.2.0)
    - SwifterSwift/CoreGraphics (= 5.2.0)
    - SwifterSwift/CoreLocation (= 5.2.0)
    - SwifterSwift/Dispatch (= 5.2.0)
    - SwifterSwift/Foundation (= 5.2.0)
    - SwifterSwift/MapKit (= 5.2.0)
    - SwifterSwift/SceneKit (= 5.2.0)
    - SwifterSwift/SpriteKit (= 5.2.0)
    - SwifterSwift/StoreKit (= 5.2.0)
    - SwifterSwift/SwiftStdlib (= 5.2.0)
    - SwifterSwift/UIKit (= 5.2.0)
  - SwifterSwift/AppKit (5.2.0)
  - SwifterSwift/CoreAnimation (5.2.0)
  - SwifterSwift/CoreGraphics (5.2.0)
  - SwifterSwift/CoreLocation (5.2.0)
  - SwifterSwift/Dispatch (5.2.0)
  - SwifterSwift/Foundation (5.2.0)
  - SwifterSwift/MapKit (5.2.0)
  - SwifterSwift/SceneKit (5.2.0)
  - SwifterSwift/SpriteKit (5.2.0)
  - SwifterSwift/StoreKit (5.2.0)
  - SwifterSwift/SwiftStdlib (5.2.0)
  - SwifterSwift/UIKit (5.2.0)
  - SwiftLog (1.0.0)

DEPENDENCIES:
  - ActiveLabel
  - BEMCheckBox
  - BetterSegmentedControl
  - BluetoothKit
  - Cache
  - Carbon
  - CardParts
  - Charts
  - DeviceKit
  - DropDown
  - EasyTipView
  - ESTabBarController-swift
  - FluentDarkModeKit
  - GRDB.swift
  - Hero
  - HorizonCalendar
  - Localize-Swift
  - MarqueeLabel
  - MicrosoftFluentUI
  - NewPopMenu
  - Reusable
  - SegementSlide
  - Sheeeeeeeeet
  - SkyFloatingLabelTextField
  - SnapKit
  - SPPermissions/Bluetooth
  - SwiftEntryKit
  - SwifterSwift
  - SwiftLog

SPEC REPOS:
  https://github.com/CocoaPods/Specs.git:
    - ActiveLabel
    - BEMCheckBox
    - BetterSegmentedControl
    - BluetoothKit
    - Cache
    - Carbon
    - CardParts
    - Charts
    - DeviceKit
    - DifferenceKit
    - Differentiator
    - DropDown
    - EasyTipView
    - ESTabBarController-swift
    - FluentDarkModeKit
    - GRDB.swift
    - Hero
    - HorizonCalendar
    - Localize-Swift
    - MarqueeLabel
    - MicrosoftFluentUI
    - NewPopMenu
    - QuickLayout
    - Reusable
    - RxCocoa
    - RxDataSources
    - RxGesture
    - RxRelay
    - RxSwift
    - SegementSlide
    - Sheeeeeeeeet
    - SkyFloatingLabelTextField
    - SnapKit
    - SPPermissions
    - SwiftEntryKit
    - SwifterSwift
    - SwiftLog

SPEC CHECKSUMS:
  ActiveLabel: 5e3f4de79a1952d4604b845a0610d4776e4b82b3
  BEMCheckBox: 5ba6e37ade3d3657b36caecc35c8b75c6c2b1a4e
  BetterSegmentedControl: 09607b27861d49cbce48b7673b74f9150a3d371a
  BluetoothKit: 00e189e01ba765e2689c46fbd8d0ede62984441b
  Cache: 4ca7e00363fca5455f26534e5607634c820ffc2d
  Carbon: 184148b60fddb7d069a9d35a02e12b20f44aa7a8
  CardParts: 39b24c45abb48c32f356e831a48044f44e22f10a
  Charts: b1e3a1f5a1c9ba5394438ca3b91bd8c9076310af
  DeviceKit: 7decde449c308ac7e816e2184ded1c7c596fb885
  DifferenceKit: 516f12e336ed65a3a0665847b5c3cb5cad4bd4ea
  Differentiator: 886080237d9f87f322641dedbc5be257061b0602
  DropDown: 8a2116376c1981888557f72ec2ffc9a5e0e456ec
  EasyTipView: a92b6edc377b81c5ac18e9fd35d5ee78e9409488
  ESTabBarController-swift: 05593a6ad64700b03c0eb60ff625916370aa4136
  FluentDarkModeKit: 0c5f31ca81eb058f3e8b6d79b3d08afbe7c40c42
  GRDB.swift: 10a3fda76720f3b5438e57d23455e2336226aa4d
  Hero: 215865ba3ae41dd9bb08cd6c60a645529c6fc94b
  HorizonCalendar: be5d0b11706b4ec758a5c9607fd33858432cab81
  Localize-Swift: 6f4475136bdb0d7b2882ea3d4ea919d70142b232
  MarqueeLabel: 00cc0bcd087111dca575878b3531af980559707d
  MicrosoftFluentUI: 8a1ef14a8479106c33822d05b774e04051bb33f2
  NewPopMenu: c6129e08e8192f6257ceb5f9a4357e1b59c6e2e7
  QuickLayout: 07b45a72b10083fee3f095990cfed1c1e7b27f0a
  Reusable: 53a9acf5c536f229b31b5865782414b508252ddb
  RxCocoa: 32065309a38d29b5b0db858819b5bf9ef038b601
  RxDataSources: efee07fa4de48477eca0a4611e6d11e2da9c1114
  RxGesture: d6bd7447ca3a596c7a9702a6a2b6a2bb5d8bae54
  RxRelay: d77f7d771495f43c556cbc43eebd1bb54d01e8e9
  RxSwift: 1e2e1f9570186967f617e49128ed26ccf1bafc8e
  SegementSlide: 83b56ffb66b9c0edc4e4f2a74229309c62915db3
  Sheeeeeeeeet: d4808c23c1d0aca2ccba13353ec7fa17ada2f129
  SkyFloatingLabelTextField: 79ddc40e4ad59707fedbb48d605417aee48bb78a
  SnapKit: 97b92857e3df3a0c71833cce143274bf6ef8e5eb
  SPPermissions: a093e8045c7aeb23a08acda6d288e3543f27f8fa
  SwiftEntryKit: 537c92699d6034efb1ef9c32b11e0b37c97aa589
  SwifterSwift: 334181863c416882d97b7a60c05054d9e4d799e2
  SwiftLog: f6c4f9a4ade06263555ab34b2c0f72025ffcda9e

PODFILE CHECKSUM: 6fc1779afd41ddf4ce193ffca78bc92397834419

COCOAPODS: 1.10.0
