// !$*UTF8*$!
{
	archiveVersion = 1;
	classes = {
	};
	objectVersion = 51;
	objects = {

/* Begin PBXBuildFile section */
		693DAFA8266D03B70007EADD /* OCByteManager.swift in Sources */ = {isa = PBXBuildFile; fileRef = 693DAFA7266D03B70007EADD /* OCByteManager.swift */; };
		6953CCE82642E5A100D48DA2 /* RecordTableViewCell.swift in Sources */ = {isa = PBXBuildFile; fileRef = 6953CCE72642E5A100D48DA2 /* RecordTableViewCell.swift */; };
		6953CCFB26431F8100D48DA2 /* OCInputView.swift in Sources */ = {isa = PBXBuildFile; fileRef = 6953CCFA26431F8100D48DA2 /* OCInputView.swift */; };
		6953CD03264458B100D48DA2 /* ScanBleDeviceViewController.swift in Sources */ = {isa = PBXBuildFile; fileRef = 6953CD02264458B100D48DA2 /* ScanBleDeviceViewController.swift */; };
		698111C1269203980033B77F /* AppParamatersSettingViewController.swift in Sources */ = {isa = PBXBuildFile; fileRef = 698111C0269203980033B77F /* AppParamatersSettingViewController.swift */; };
		698111C4269210AC0033B77F /* BalloonMarker.swift in Sources */ = {isa = PBXBuildFile; fileRef = 698111C3269210AC0033B77F /* BalloonMarker.swift */; };
		6994F9F02678FA3700EF073A /* KeyboardView.swift in Sources */ = {isa = PBXBuildFile; fileRef = 6994F9EF2678FA3700EF073A /* KeyboardView.swift */; };
		6994F9F22678FCB900EF073A /* DigitsCell.swift in Sources */ = {isa = PBXBuildFile; fileRef = 6994F9F12678FCB900EF073A /* DigitsCell.swift */; };
		699786F6267281F900FF7946 /* BabyBluetooth.m in Sources */ = {isa = PBXBuildFile; fileRef = 699786E4267281F900FF7946 /* BabyBluetooth.m */; };
		699786F7267281F900FF7946 /* BabySpeaker.m in Sources */ = {isa = PBXBuildFile; fileRef = 699786E8267281F900FF7946 /* BabySpeaker.m */; };
		699786F8267281F900FF7946 /* BabyToy.m in Sources */ = {isa = PBXBuildFile; fileRef = 699786E9267281F900FF7946 /* BabyToy.m */; };
		699786F9267281F900FF7946 /* BabyOptions.m in Sources */ = {isa = PBXBuildFile; fileRef = 699786EA267281F900FF7946 /* BabyOptions.m */; };
		699786FA267281F900FF7946 /* BabyPeripheralManager.m in Sources */ = {isa = PBXBuildFile; fileRef = 699786EB267281F900FF7946 /* BabyPeripheralManager.m */; };
		699786FB267281F900FF7946 /* BabyCallback.m in Sources */ = {isa = PBXBuildFile; fileRef = 699786ED267281F900FF7946 /* BabyCallback.m */; };
		699786FC267281F900FF7946 /* BabyCentralManager.m in Sources */ = {isa = PBXBuildFile; fileRef = 699786F0267281F900FF7946 /* BabyCentralManager.m */; };
		699786FD267281F900FF7946 /* BabyDefine.m in Sources */ = {isa = PBXBuildFile; fileRef = 699786F3267281F900FF7946 /* BabyDefine.m */; };
		699786FE267281F900FF7946 /* BabyRhythm.m in Sources */ = {isa = PBXBuildFile; fileRef = 699786F4267281F900FF7946 /* BabyRhythm.m */; };
		699787002674853A00FF7946 /* AliyunEmasServices-Info.plist in Resources */ = {isa = PBXBuildFile; fileRef = 699786FF2674853A00FF7946 /* AliyunEmasServices-Info.plist */; };
		69AF2FB926691C370015B987 /* ExpandButton.swift in Sources */ = {isa = PBXBuildFile; fileRef = 69AF2FB826691C370015B987 /* ExpandButton.swift */; };
		69AF2FC226692F790015B987 /* BinaryError.swift in Sources */ = {isa = PBXBuildFile; fileRef = 69AF2FBD26692F790015B987 /* BinaryError.swift */; };
		69AF2FC326692F790015B987 /* FixedWidthIntegerExtensions.swift in Sources */ = {isa = PBXBuildFile; fileRef = 69AF2FBE26692F790015B987 /* FixedWidthIntegerExtensions.swift */; };
		69AF2FC426692F790015B987 /* StringExtensions.swift in Sources */ = {isa = PBXBuildFile; fileRef = 69AF2FBF26692F790015B987 /* StringExtensions.swift */; };
		69AF2FC526692F790015B987 /* UIntExtensions.swift in Sources */ = {isa = PBXBuildFile; fileRef = 69AF2FC026692F790015B987 /* UIntExtensions.swift */; };
		69AF2FC626692F790015B987 /* Binary.swift in Sources */ = {isa = PBXBuildFile; fileRef = 69AF2FC126692F790015B987 /* Binary.swift */; };
		69B10B7C262DE76A00617D17 /* BaseTabBarItemContentView.swift in Sources */ = {isa = PBXBuildFile; fileRef = 69B10B7B262DE76A00617D17 /* BaseTabBarItemContentView.swift */; };
		69B10B81262DE7A200617D17 /* BaseBouncesContentView.swift in Sources */ = {isa = PBXBuildFile; fileRef = 69B10B80262DE7A200617D17 /* BaseBouncesContentView.swift */; };
		69B10B8C262DE91700617D17 /* HomeViewController.swift in Sources */ = {isa = PBXBuildFile; fileRef = 69B10B8B262DE91700617D17 /* HomeViewController.swift */; };
		69B10BAD262DF47900617D17 /* Macro.swift in Sources */ = {isa = PBXBuildFile; fileRef = 69B10BAC262DF47900617D17 /* Macro.swift */; };
		69B10C18262DFAAC00617D17 /* Localizable.strings in Resources */ = {isa = PBXBuildFile; fileRef = 69B10C1A262DFAAC00617D17 /* Localizable.strings */; };
		69B10C40262F517300617D17 /* SettingViewController.swift in Sources */ = {isa = PBXBuildFile; fileRef = 69B10C3F262F517300617D17 /* SettingViewController.swift */; };
		69B10C59262F5B8700617D17 /* SettingTableViewCell.swift in Sources */ = {isa = PBXBuildFile; fileRef = 69B10C58262F5B8700617D17 /* SettingTableViewCell.swift */; };
		69B10C61262F5DE100617D17 /* GlobalConfigure.swift in Sources */ = {isa = PBXBuildFile; fileRef = 69B10C60262F5DE100617D17 /* GlobalConfigure.swift */; };
		69B10C882631E41300617D17 /* AddSectionHeaderView.swift in Sources */ = {isa = PBXBuildFile; fileRef = 69B10C872631E41300617D17 /* AddSectionHeaderView.swift */; };
		69B10CBE2631F8B200617D17 /* UserAndCarModel.swift in Sources */ = {isa = PBXBuildFile; fileRef = 69B10CBD2631F8B200617D17 /* UserAndCarModel.swift */; };
		69B10CC7263324E300617D17 /* AddNewCarTableViewCell.swift in Sources */ = {isa = PBXBuildFile; fileRef = 69B10CC6263324E300617D17 /* AddNewCarTableViewCell.swift */; };
		69B10CCC26332E7700617D17 /* MyCarInfoTableViewCell.swift in Sources */ = {isa = PBXBuildFile; fileRef = 69B10CCB26332E7700617D17 /* MyCarInfoTableViewCell.swift */; };
		69B10CD12633F6E200617D17 /* AddNewDeviceViewController.swift in Sources */ = {isa = PBXBuildFile; fileRef = 69B10CD02633F6E200617D17 /* AddNewDeviceViewController.swift */; };
		69B10D432634480F00617D17 /* MalfunctionListViewController.swift in Sources */ = {isa = PBXBuildFile; fileRef = 69B10D422634480F00617D17 /* MalfunctionListViewController.swift */; };
		69B10D482634615B00617D17 /* MalfunctionModel.swift in Sources */ = {isa = PBXBuildFile; fileRef = 69B10D472634615B00617D17 /* MalfunctionModel.swift */; };
		69B10D4D263465EE00617D17 /* MalfunctionTableViewCell.swift in Sources */ = {isa = PBXBuildFile; fileRef = 69B10D4C263465EE00617D17 /* MalfunctionTableViewCell.swift */; };
		69B10D5326347F6A00617D17 /* StatisticalViewController.swift in Sources */ = {isa = PBXBuildFile; fileRef = 69B10D5226347F6A00617D17 /* StatisticalViewController.swift */; };
		69B10D5B26348BEB00617D17 /* FuelConsumptionView.swift in Sources */ = {isa = PBXBuildFile; fileRef = 69B10D5A26348BEB00617D17 /* FuelConsumptionView.swift */; };
		69B10D65263499D200617D17 /* ButtonExtension.swift in Sources */ = {isa = PBXBuildFile; fileRef = 69B10D64263499D200617D17 /* ButtonExtension.swift */; };
		69B10D6D2635825F00617D17 /* BaseEmptyView.swift in Sources */ = {isa = PBXBuildFile; fileRef = 69B10D6C2635825F00617D17 /* BaseEmptyView.swift */; };
		69B10D7226359E1000617D17 /* RefuelRecordView.swift in Sources */ = {isa = PBXBuildFile; fileRef = 69B10D7126359E1000617D17 /* RefuelRecordView.swift */; };
		69B10D912635A41A00617D17 /* FuelConsumptionDetailViewController.swift in Sources */ = {isa = PBXBuildFile; fileRef = 69B10D902635A41A00617D17 /* FuelConsumptionDetailViewController.swift */; };
		69B10D962635A42E00617D17 /* RefuelRecordDetailViewController.swift in Sources */ = {isa = PBXBuildFile; fileRef = 69B10D952635A42E00617D17 /* RefuelRecordDetailViewController.swift */; };
		69B10D9C2635C74900617D17 /* FuelCapacityView.swift in Sources */ = {isa = PBXBuildFile; fileRef = 69B10D9B2635C74900617D17 /* FuelCapacityView.swift */; };
		69B10DA12635D05600617D17 /* HomeChartView.swift in Sources */ = {isa = PBXBuildFile; fileRef = 69B10DA02635D05600617D17 /* HomeChartView.swift */; };
		69B10DC026371AE300617D17 /* UserDefaultsKeys.swift in Sources */ = {isa = PBXBuildFile; fileRef = 69B10DBF26371AE300617D17 /* UserDefaultsKeys.swift */; };
		69B10E27263B237C00617D17 /* RefuelRecordModel.swift in Sources */ = {isa = PBXBuildFile; fileRef = 69B10E26263B237C00617D17 /* RefuelRecordModel.swift */; };
		69B10E46263B2AAC00617D17 /* FuelConsumptionModel.swift in Sources */ = {isa = PBXBuildFile; fileRef = 69B10E45263B2AAC00617D17 /* FuelConsumptionModel.swift */; };
		69B10E68263DBEAE00617D17 /* DateValueFormatter.swift in Sources */ = {isa = PBXBuildFile; fileRef = 69B10E67263DBEAE00617D17 /* DateValueFormatter.swift */; };
		69B10E6D263DD95C00617D17 /* BaseFuelDataModel.swift in Sources */ = {isa = PBXBuildFile; fileRef = 69B10E6C263DD95C00617D17 /* BaseFuelDataModel.swift */; };
		69CAA35826275E8100333AA2 /* AppDelegate.swift in Sources */ = {isa = PBXBuildFile; fileRef = 69CAA35726275E8100333AA2 /* AppDelegate.swift */; };
		69CAA36126275E8400333AA2 /* Assets.xcassets in Resources */ = {isa = PBXBuildFile; fileRef = 69CAA36026275E8400333AA2 /* Assets.xcassets */; };
		69CAA36426275E8400333AA2 /* LaunchScreen.storyboard in Resources */ = {isa = PBXBuildFile; fileRef = 69CAA36226275E8400333AA2 /* LaunchScreen.storyboard */; };
		69CAA36F26275E8400333AA2 /* OilCheckerTests.swift in Sources */ = {isa = PBXBuildFile; fileRef = 69CAA36E26275E8400333AA2 /* OilCheckerTests.swift */; };
		69CAA37A26275E8400333AA2 /* OilCheckerUITests.swift in Sources */ = {isa = PBXBuildFile; fileRef = 69CAA37926275E8400333AA2 /* OilCheckerUITests.swift */; };
		69CAA3D12628B17E00333AA2 /* BaseNavigationController.swift in Sources */ = {isa = PBXBuildFile; fileRef = 69CAA3D02628B17D00333AA2 /* BaseNavigationController.swift */; };
		69CAA3DA2628B19600333AA2 /* BaseViewController.swift in Sources */ = {isa = PBXBuildFile; fileRef = 69CAA3D92628B19600333AA2 /* BaseViewController.swift */; };
		69CB1ABF266404D2001BE0D3 /* OCRealmManager.swift in Sources */ = {isa = PBXBuildFile; fileRef = 69CB1ABE266404D2001BE0D3 /* OCRealmManager.swift */; };
		69CB1AC1266534F6001BE0D3 /* MyDeviceListViewController.swift in Sources */ = {isa = PBXBuildFile; fileRef = 69CB1AC0266534F6001BE0D3 /* MyDeviceListViewController.swift */; };
		69CB1B072667E632001BE0D3 /* OCBlueToothManager.swift in Sources */ = {isa = PBXBuildFile; fileRef = 69CB1B062667E632001BE0D3 /* OCBlueToothManager.swift */; };
		69D4FAB9266B6350009D4EF0 /* GlobalDataMananger.swift in Sources */ = {isa = PBXBuildFile; fileRef = 69D4FAB8266B6350009D4EF0 /* GlobalDataMananger.swift */; };
		AF3740654BE833F7AB31A402 /* Pods_OilChecker.framework in Frameworks */ = {isa = PBXBuildFile; fileRef = 9C031E0B931EC9CAECCC58A6 /* Pods_OilChecker.framework */; };
/* End PBXBuildFile section */

/* Begin PBXContainerItemProxy section */
		69CAA36B26275E8400333AA2 /* PBXContainerItemProxy */ = {
			isa = PBXContainerItemProxy;
			containerPortal = 69CAA34C26275E8100333AA2 /* Project object */;
			proxyType = 1;
			remoteGlobalIDString = 69CAA35326275E8100333AA2;
			remoteInfo = OilChecker;
		};
		69CAA37626275E8400333AA2 /* PBXContainerItemProxy */ = {
			isa = PBXContainerItemProxy;
			containerPortal = 69CAA34C26275E8100333AA2 /* Project object */;
			proxyType = 1;
			remoteGlobalIDString = 69CAA35326275E8100333AA2;
			remoteInfo = OilChecker;
		};
/* End PBXContainerItemProxy section */

/* Begin PBXFileReference section */
		056F54F2EA47FA6C37668A74 /* Pods-OilChecker.release.xcconfig */ = {isa = PBXFileReference; includeInIndex = 1; lastKnownFileType = text.xcconfig; name = "Pods-OilChecker.release.xcconfig"; path = "Target Support Files/Pods-OilChecker/Pods-OilChecker.release.xcconfig"; sourceTree = "<group>"; };
		693DAFA3266CEAB10007EADD /* OilChecker-Bridging-Header.h */ = {isa = PBXFileReference; lastKnownFileType = sourcecode.c.h; path = "OilChecker-Bridging-Header.h"; sourceTree = "<group>"; };
		693DAFA7266D03B70007EADD /* OCByteManager.swift */ = {isa = PBXFileReference; lastKnownFileType = sourcecode.swift; path = OCByteManager.swift; sourceTree = "<group>"; };
		6953CCE72642E5A100D48DA2 /* RecordTableViewCell.swift */ = {isa = PBXFileReference; lastKnownFileType = sourcecode.swift; path = RecordTableViewCell.swift; sourceTree = "<group>"; };
		6953CCFA26431F8100D48DA2 /* OCInputView.swift */ = {isa = PBXFileReference; lastKnownFileType = sourcecode.swift; path = OCInputView.swift; sourceTree = "<group>"; };
		6953CD02264458B100D48DA2 /* ScanBleDeviceViewController.swift */ = {isa = PBXFileReference; lastKnownFileType = sourcecode.swift; path = ScanBleDeviceViewController.swift; sourceTree = "<group>"; };
		698111C0269203980033B77F /* AppParamatersSettingViewController.swift */ = {isa = PBXFileReference; lastKnownFileType = sourcecode.swift; path = AppParamatersSettingViewController.swift; sourceTree = "<group>"; };
		698111C3269210AC0033B77F /* BalloonMarker.swift */ = {isa = PBXFileReference; lastKnownFileType = sourcecode.swift; path = BalloonMarker.swift; sourceTree = "<group>"; };
		6994F9EF2678FA3700EF073A /* KeyboardView.swift */ = {isa = PBXFileReference; lastKnownFileType = sourcecode.swift; path = KeyboardView.swift; sourceTree = "<group>"; };
		6994F9F12678FCB900EF073A /* DigitsCell.swift */ = {isa = PBXFileReference; lastKnownFileType = sourcecode.swift; path = DigitsCell.swift; sourceTree = "<group>"; };
		699786E4267281F900FF7946 /* BabyBluetooth.m */ = {isa = PBXFileReference; fileEncoding = 4; lastKnownFileType = sourcecode.c.objc; path = BabyBluetooth.m; sourceTree = "<group>"; };
		699786E5267281F900FF7946 /* BabyBluetooth.h */ = {isa = PBXFileReference; fileEncoding = 4; lastKnownFileType = sourcecode.c.h; path = BabyBluetooth.h; sourceTree = "<group>"; };
		699786E6267281F900FF7946 /* BabyPeripheralManager.h */ = {isa = PBXFileReference; fileEncoding = 4; lastKnownFileType = sourcecode.c.h; path = BabyPeripheralManager.h; sourceTree = "<group>"; };
		699786E7267281F900FF7946 /* BabyRhythm.h */ = {isa = PBXFileReference; fileEncoding = 4; lastKnownFileType = sourcecode.c.h; path = BabyRhythm.h; sourceTree = "<group>"; };
		699786E8267281F900FF7946 /* BabySpeaker.m */ = {isa = PBXFileReference; fileEncoding = 4; lastKnownFileType = sourcecode.c.objc; path = BabySpeaker.m; sourceTree = "<group>"; };
		699786E9267281F900FF7946 /* BabyToy.m */ = {isa = PBXFileReference; fileEncoding = 4; lastKnownFileType = sourcecode.c.objc; path = BabyToy.m; sourceTree = "<group>"; };
		699786EA267281F900FF7946 /* BabyOptions.m */ = {isa = PBXFileReference; fileEncoding = 4; lastKnownFileType = sourcecode.c.objc; path = BabyOptions.m; sourceTree = "<group>"; };
		699786EB267281F900FF7946 /* BabyPeripheralManager.m */ = {isa = PBXFileReference; fileEncoding = 4; lastKnownFileType = sourcecode.c.objc; path = BabyPeripheralManager.m; sourceTree = "<group>"; };
		699786EC267281F900FF7946 /* BabyCentralManager.h */ = {isa = PBXFileReference; fileEncoding = 4; lastKnownFileType = sourcecode.c.h; path = BabyCentralManager.h; sourceTree = "<group>"; };
		699786ED267281F900FF7946 /* BabyCallback.m */ = {isa = PBXFileReference; fileEncoding = 4; lastKnownFileType = sourcecode.c.objc; path = BabyCallback.m; sourceTree = "<group>"; };
		699786EE267281F900FF7946 /* BabyOptions.h */ = {isa = PBXFileReference; fileEncoding = 4; lastKnownFileType = sourcecode.c.h; path = BabyOptions.h; sourceTree = "<group>"; };
		699786EF267281F900FF7946 /* BabyCallback.h */ = {isa = PBXFileReference; fileEncoding = 4; lastKnownFileType = sourcecode.c.h; path = BabyCallback.h; sourceTree = "<group>"; };
		699786F0267281F900FF7946 /* BabyCentralManager.m */ = {isa = PBXFileReference; fileEncoding = 4; lastKnownFileType = sourcecode.c.objc; path = BabyCentralManager.m; sourceTree = "<group>"; };
		699786F1267281F900FF7946 /* BabyToy.h */ = {isa = PBXFileReference; fileEncoding = 4; lastKnownFileType = sourcecode.c.h; path = BabyToy.h; sourceTree = "<group>"; };
		699786F2267281F900FF7946 /* BabyDefine.h */ = {isa = PBXFileReference; fileEncoding = 4; lastKnownFileType = sourcecode.c.h; path = BabyDefine.h; sourceTree = "<group>"; };
		699786F3267281F900FF7946 /* BabyDefine.m */ = {isa = PBXFileReference; fileEncoding = 4; lastKnownFileType = sourcecode.c.objc; path = BabyDefine.m; sourceTree = "<group>"; };
		699786F4267281F900FF7946 /* BabyRhythm.m */ = {isa = PBXFileReference; fileEncoding = 4; lastKnownFileType = sourcecode.c.objc; path = BabyRhythm.m; sourceTree = "<group>"; };
		699786F5267281F900FF7946 /* BabySpeaker.h */ = {isa = PBXFileReference; fileEncoding = 4; lastKnownFileType = sourcecode.c.h; path = BabySpeaker.h; sourceTree = "<group>"; };
		699786FF2674853A00FF7946 /* AliyunEmasServices-Info.plist */ = {isa = PBXFileReference; fileEncoding = 4; lastKnownFileType = text.plist.xml; path = "AliyunEmasServices-Info.plist"; sourceTree = "<group>"; };
		69AF2FB826691C370015B987 /* ExpandButton.swift */ = {isa = PBXFileReference; lastKnownFileType = sourcecode.swift; path = ExpandButton.swift; sourceTree = "<group>"; };
		69AF2FBD26692F790015B987 /* BinaryError.swift */ = {isa = PBXFileReference; fileEncoding = 4; lastKnownFileType = sourcecode.swift; path = BinaryError.swift; sourceTree = "<group>"; };
		69AF2FBE26692F790015B987 /* FixedWidthIntegerExtensions.swift */ = {isa = PBXFileReference; fileEncoding = 4; lastKnownFileType = sourcecode.swift; path = FixedWidthIntegerExtensions.swift; sourceTree = "<group>"; };
		69AF2FBF26692F790015B987 /* StringExtensions.swift */ = {isa = PBXFileReference; fileEncoding = 4; lastKnownFileType = sourcecode.swift; path = StringExtensions.swift; sourceTree = "<group>"; };
		69AF2FC026692F790015B987 /* UIntExtensions.swift */ = {isa = PBXFileReference; fileEncoding = 4; lastKnownFileType = sourcecode.swift; path = UIntExtensions.swift; sourceTree = "<group>"; };
		69AF2FC126692F790015B987 /* Binary.swift */ = {isa = PBXFileReference; fileEncoding = 4; lastKnownFileType = sourcecode.swift; path = Binary.swift; sourceTree = "<group>"; };
		69B10B7B262DE76A00617D17 /* BaseTabBarItemContentView.swift */ = {isa = PBXFileReference; lastKnownFileType = sourcecode.swift; path = BaseTabBarItemContentView.swift; sourceTree = "<group>"; };
		69B10B80262DE7A200617D17 /* BaseBouncesContentView.swift */ = {isa = PBXFileReference; lastKnownFileType = sourcecode.swift; path = BaseBouncesContentView.swift; sourceTree = "<group>"; };
		69B10B8B262DE91700617D17 /* HomeViewController.swift */ = {isa = PBXFileReference; lastKnownFileType = sourcecode.swift; path = HomeViewController.swift; sourceTree = "<group>"; };
		69B10BAC262DF47900617D17 /* Macro.swift */ = {isa = PBXFileReference; lastKnownFileType = sourcecode.swift; path = Macro.swift; sourceTree = "<group>"; };
		69B10C19262DFAAC00617D17 /* en */ = {isa = PBXFileReference; lastKnownFileType = text.plist.strings; name = en; path = en.lproj/Localizable.strings; sourceTree = "<group>"; };
		69B10C1B262DFAB100617D17 /* zh-Hans */ = {isa = PBXFileReference; lastKnownFileType = text.plist.strings; name = "zh-Hans"; path = "zh-Hans.lproj/Localizable.strings"; sourceTree = "<group>"; };
		69B10C3F262F517300617D17 /* SettingViewController.swift */ = {isa = PBXFileReference; lastKnownFileType = sourcecode.swift; path = SettingViewController.swift; sourceTree = "<group>"; };
		69B10C58262F5B8700617D17 /* SettingTableViewCell.swift */ = {isa = PBXFileReference; lastKnownFileType = sourcecode.swift; path = SettingTableViewCell.swift; sourceTree = "<group>"; };
		69B10C60262F5DE100617D17 /* GlobalConfigure.swift */ = {isa = PBXFileReference; lastKnownFileType = sourcecode.swift; path = GlobalConfigure.swift; sourceTree = "<group>"; };
		69B10C872631E41300617D17 /* AddSectionHeaderView.swift */ = {isa = PBXFileReference; lastKnownFileType = sourcecode.swift; path = AddSectionHeaderView.swift; sourceTree = "<group>"; };
		69B10CBD2631F8B200617D17 /* UserAndCarModel.swift */ = {isa = PBXFileReference; lastKnownFileType = sourcecode.swift; path = UserAndCarModel.swift; sourceTree = "<group>"; };
		69B10CC6263324E300617D17 /* AddNewCarTableViewCell.swift */ = {isa = PBXFileReference; lastKnownFileType = sourcecode.swift; path = AddNewCarTableViewCell.swift; sourceTree = "<group>"; };
		69B10CCB26332E7700617D17 /* MyCarInfoTableViewCell.swift */ = {isa = PBXFileReference; lastKnownFileType = sourcecode.swift; path = MyCarInfoTableViewCell.swift; sourceTree = "<group>"; };
		69B10CD02633F6E200617D17 /* AddNewDeviceViewController.swift */ = {isa = PBXFileReference; lastKnownFileType = sourcecode.swift; path = AddNewDeviceViewController.swift; sourceTree = "<group>"; };
		69B10D422634480F00617D17 /* MalfunctionListViewController.swift */ = {isa = PBXFileReference; lastKnownFileType = sourcecode.swift; path = MalfunctionListViewController.swift; sourceTree = "<group>"; };
		69B10D472634615B00617D17 /* MalfunctionModel.swift */ = {isa = PBXFileReference; lastKnownFileType = sourcecode.swift; path = MalfunctionModel.swift; sourceTree = "<group>"; };
		69B10D4C263465EE00617D17 /* MalfunctionTableViewCell.swift */ = {isa = PBXFileReference; lastKnownFileType = sourcecode.swift; path = MalfunctionTableViewCell.swift; sourceTree = "<group>"; };
		69B10D5226347F6A00617D17 /* StatisticalViewController.swift */ = {isa = PBXFileReference; lastKnownFileType = sourcecode.swift; path = StatisticalViewController.swift; sourceTree = "<group>"; };
		69B10D5A26348BEB00617D17 /* FuelConsumptionView.swift */ = {isa = PBXFileReference; lastKnownFileType = sourcecode.swift; path = FuelConsumptionView.swift; sourceTree = "<group>"; };
		69B10D64263499D200617D17 /* ButtonExtension.swift */ = {isa = PBXFileReference; lastKnownFileType = sourcecode.swift; path = ButtonExtension.swift; sourceTree = "<group>"; };
		69B10D6C2635825F00617D17 /* BaseEmptyView.swift */ = {isa = PBXFileReference; lastKnownFileType = sourcecode.swift; path = BaseEmptyView.swift; sourceTree = "<group>"; };
		69B10D7126359E1000617D17 /* RefuelRecordView.swift */ = {isa = PBXFileReference; lastKnownFileType = sourcecode.swift; path = RefuelRecordView.swift; sourceTree = "<group>"; };
		69B10D902635A41A00617D17 /* FuelConsumptionDetailViewController.swift */ = {isa = PBXFileReference; lastKnownFileType = sourcecode.swift; path = FuelConsumptionDetailViewController.swift; sourceTree = "<group>"; };
		69B10D952635A42E00617D17 /* RefuelRecordDetailViewController.swift */ = {isa = PBXFileReference; lastKnownFileType = sourcecode.swift; path = RefuelRecordDetailViewController.swift; sourceTree = "<group>"; };
		69B10D9B2635C74900617D17 /* FuelCapacityView.swift */ = {isa = PBXFileReference; lastKnownFileType = sourcecode.swift; path = FuelCapacityView.swift; sourceTree = "<group>"; };
		69B10DA02635D05600617D17 /* HomeChartView.swift */ = {isa = PBXFileReference; lastKnownFileType = sourcecode.swift; path = HomeChartView.swift; sourceTree = "<group>"; };
		69B10DBF26371AE300617D17 /* UserDefaultsKeys.swift */ = {isa = PBXFileReference; lastKnownFileType = sourcecode.swift; path = UserDefaultsKeys.swift; sourceTree = "<group>"; };
		69B10E26263B237C00617D17 /* RefuelRecordModel.swift */ = {isa = PBXFileReference; lastKnownFileType = sourcecode.swift; path = RefuelRecordModel.swift; sourceTree = "<group>"; };
		69B10E45263B2AAC00617D17 /* FuelConsumptionModel.swift */ = {isa = PBXFileReference; lastKnownFileType = sourcecode.swift; path = FuelConsumptionModel.swift; sourceTree = "<group>"; };
		69B10E67263DBEAE00617D17 /* DateValueFormatter.swift */ = {isa = PBXFileReference; lastKnownFileType = sourcecode.swift; path = DateValueFormatter.swift; sourceTree = "<group>"; };
		69B10E6C263DD95C00617D17 /* BaseFuelDataModel.swift */ = {isa = PBXFileReference; lastKnownFileType = sourcecode.swift; path = BaseFuelDataModel.swift; sourceTree = "<group>"; };
		69CAA35426275E8100333AA2 /* OilChecker.app */ = {isa = PBXFileReference; explicitFileType = wrapper.application; includeInIndex = 0; path = OilChecker.app; sourceTree = BUILT_PRODUCTS_DIR; };
		69CAA35726275E8100333AA2 /* AppDelegate.swift */ = {isa = PBXFileReference; lastKnownFileType = sourcecode.swift; path = AppDelegate.swift; sourceTree = "<group>"; };
		69CAA36026275E8400333AA2 /* Assets.xcassets */ = {isa = PBXFileReference; lastKnownFileType = folder.assetcatalog; path = Assets.xcassets; sourceTree = "<group>"; };
		69CAA36326275E8400333AA2 /* Base */ = {isa = PBXFileReference; lastKnownFileType = file.storyboard; name = Base; path = Base.lproj/LaunchScreen.storyboard; sourceTree = "<group>"; };
		69CAA36526275E8400333AA2 /* Info.plist */ = {isa = PBXFileReference; lastKnownFileType = text.plist.xml; path = Info.plist; sourceTree = "<group>"; };
		69CAA36A26275E8400333AA2 /* OilCheckerTests.xctest */ = {isa = PBXFileReference; explicitFileType = wrapper.cfbundle; includeInIndex = 0; path = OilCheckerTests.xctest; sourceTree = BUILT_PRODUCTS_DIR; };
		69CAA36E26275E8400333AA2 /* OilCheckerTests.swift */ = {isa = PBXFileReference; lastKnownFileType = sourcecode.swift; path = OilCheckerTests.swift; sourceTree = "<group>"; };
		69CAA37026275E8400333AA2 /* Info.plist */ = {isa = PBXFileReference; lastKnownFileType = text.plist.xml; path = Info.plist; sourceTree = "<group>"; };
		69CAA37526275E8400333AA2 /* OilCheckerUITests.xctest */ = {isa = PBXFileReference; explicitFileType = wrapper.cfbundle; includeInIndex = 0; path = OilCheckerUITests.xctest; sourceTree = BUILT_PRODUCTS_DIR; };
		69CAA37926275E8400333AA2 /* OilCheckerUITests.swift */ = {isa = PBXFileReference; lastKnownFileType = sourcecode.swift; path = OilCheckerUITests.swift; sourceTree = "<group>"; };
		69CAA37B26275E8400333AA2 /* Info.plist */ = {isa = PBXFileReference; lastKnownFileType = text.plist.xml; path = Info.plist; sourceTree = "<group>"; };
		69CAA3D02628B17D00333AA2 /* BaseNavigationController.swift */ = {isa = PBXFileReference; lastKnownFileType = sourcecode.swift; path = BaseNavigationController.swift; sourceTree = "<group>"; };
		69CAA3D92628B19600333AA2 /* BaseViewController.swift */ = {isa = PBXFileReference; lastKnownFileType = sourcecode.swift; path = BaseViewController.swift; sourceTree = "<group>"; };
		69CB1ABE266404D2001BE0D3 /* OCRealmManager.swift */ = {isa = PBXFileReference; lastKnownFileType = sourcecode.swift; path = OCRealmManager.swift; sourceTree = "<group>"; };
		69CB1AC0266534F6001BE0D3 /* MyDeviceListViewController.swift */ = {isa = PBXFileReference; lastKnownFileType = sourcecode.swift; path = MyDeviceListViewController.swift; sourceTree = "<group>"; };
		69CB1B062667E632001BE0D3 /* OCBlueToothManager.swift */ = {isa = PBXFileReference; lastKnownFileType = sourcecode.swift; path = OCBlueToothManager.swift; sourceTree = "<group>"; };
		69D4FAB8266B6350009D4EF0 /* GlobalDataMananger.swift */ = {isa = PBXFileReference; lastKnownFileType = sourcecode.swift; path = GlobalDataMananger.swift; sourceTree = "<group>"; };
		9C031E0B931EC9CAECCC58A6 /* Pods_OilChecker.framework */ = {isa = PBXFileReference; explicitFileType = wrapper.framework; includeInIndex = 0; path = Pods_OilChecker.framework; sourceTree = BUILT_PRODUCTS_DIR; };
		E77FFEB2FE77314B5AC3A207 /* Pods-OilChecker.debug.xcconfig */ = {isa = PBXFileReference; includeInIndex = 1; lastKnownFileType = text.xcconfig; name = "Pods-OilChecker.debug.xcconfig"; path = "Target Support Files/Pods-OilChecker/Pods-OilChecker.debug.xcconfig"; sourceTree = "<group>"; };
/* End PBXFileReference section */

/* Begin PBXFrameworksBuildPhase section */
		69CAA35126275E8100333AA2 /* Frameworks */ = {
			isa = PBXFrameworksBuildPhase;
			buildActionMask = 2147483647;
			files = (
				AF3740654BE833F7AB31A402 /* Pods_OilChecker.framework in Frameworks */,
			);
			runOnlyForDeploymentPostprocessing = 0;
		};
		69CAA36726275E8400333AA2 /* Frameworks */ = {
			isa = PBXFrameworksBuildPhase;
			buildActionMask = 2147483647;
			files = (
			);
			runOnlyForDeploymentPostprocessing = 0;
		};
		69CAA37226275E8400333AA2 /* Frameworks */ = {
			isa = PBXFrameworksBuildPhase;
			buildActionMask = 2147483647;
			files = (
			);
			runOnlyForDeploymentPostprocessing = 0;
		};
/* End PBXFrameworksBuildPhase section */

/* Begin PBXGroup section */
		2C4D5684988726E2621BBCDA /* Frameworks */ = {
			isa = PBXGroup;
			children = (
				9C031E0B931EC9CAECCC58A6 /* Pods_OilChecker.framework */,
			);
			name = Frameworks;
			sourceTree = "<group>";
		};
		5CE531759A1C1F48FEDFF442 /* Pods */ = {
			isa = PBXGroup;
			children = (
				E77FFEB2FE77314B5AC3A207 /* Pods-OilChecker.debug.xcconfig */,
				056F54F2EA47FA6C37668A74 /* Pods-OilChecker.release.xcconfig */,
			);
			path = Pods;
			sourceTree = "<group>";
		};
		6994F9EE2678FA0F00EF073A /* keyboard */ = {
			isa = PBXGroup;
			children = (
				6994F9EF2678FA3700EF073A /* KeyboardView.swift */,
				6994F9F12678FCB900EF073A /* DigitsCell.swift */,
			);
			path = keyboard;
			sourceTree = "<group>";
		};
		699786E3267281C600FF7946 /* Bluetooth */ = {
			isa = PBXGroup;
			children = (
				699786E5267281F900FF7946 /* BabyBluetooth.h */,
				699786E4267281F900FF7946 /* BabyBluetooth.m */,
				699786EF267281F900FF7946 /* BabyCallback.h */,
				699786ED267281F900FF7946 /* BabyCallback.m */,
				699786EC267281F900FF7946 /* BabyCentralManager.h */,
				699786F0267281F900FF7946 /* BabyCentralManager.m */,
				699786F2267281F900FF7946 /* BabyDefine.h */,
				699786F3267281F900FF7946 /* BabyDefine.m */,
				699786EE267281F900FF7946 /* BabyOptions.h */,
				699786EA267281F900FF7946 /* BabyOptions.m */,
				699786E6267281F900FF7946 /* BabyPeripheralManager.h */,
				699786EB267281F900FF7946 /* BabyPeripheralManager.m */,
				699786E7267281F900FF7946 /* BabyRhythm.h */,
				699786F4267281F900FF7946 /* BabyRhythm.m */,
				699786F5267281F900FF7946 /* BabySpeaker.h */,
				699786E8267281F900FF7946 /* BabySpeaker.m */,
				699786F1267281F900FF7946 /* BabyToy.h */,
				699786E9267281F900FF7946 /* BabyToy.m */,
			);
			path = Bluetooth;
			sourceTree = "<group>";
		};
		69AF2FBC26692F790015B987 /* BinaryKit */ = {
			isa = PBXGroup;
			children = (
				69AF2FBD26692F790015B987 /* BinaryError.swift */,
				69AF2FBE26692F790015B987 /* FixedWidthIntegerExtensions.swift */,
				69AF2FBF26692F790015B987 /* StringExtensions.swift */,
				69AF2FC026692F790015B987 /* UIntExtensions.swift */,
				69AF2FC126692F790015B987 /* Binary.swift */,
			);
			path = BinaryKit;
			sourceTree = "<group>";
		};
		69B10B85262DE7FA00617D17 /* Modules */ = {
			isa = PBXGroup;
			children = (
				69B10B86262DE80400617D17 /* Home */,
				69B10B87262DE82F00617D17 /* Statistical */,
				69B10B89262DE8A600617D17 /* Setting */,
			);
			path = Modules;
			sourceTree = "<group>";
		};
		69B10B86262DE80400617D17 /* Home */ = {
			isa = PBXGroup;
			children = (
				69B10E08263B12E700617D17 /* Model */,
				69B10D9A2635C70000617D17 /* View */,
				69B10B8A262DE8FE00617D17 /* Controller */,
			);
			path = Home;
			sourceTree = "<group>";
		};
		69B10B87262DE82F00617D17 /* Statistical */ = {
			isa = PBXGroup;
			children = (
				69B10D5126347F5400617D17 /* View */,
				69B10D5226347F6A00617D17 /* StatisticalViewController.swift */,
				69B10D902635A41A00617D17 /* FuelConsumptionDetailViewController.swift */,
				69B10D952635A42E00617D17 /* RefuelRecordDetailViewController.swift */,
			);
			path = Statistical;
			sourceTree = "<group>";
		};
		69B10B89262DE8A600617D17 /* Setting */ = {
			isa = PBXGroup;
			children = (
				69B10CBC2631F89200617D17 /* Model */,
				69B10C57262F5B7200617D17 /* View */,
				69B10C3F262F517300617D17 /* SettingViewController.swift */,
				69B10CD02633F6E200617D17 /* AddNewDeviceViewController.swift */,
				69B10D422634480F00617D17 /* MalfunctionListViewController.swift */,
				6953CD02264458B100D48DA2 /* ScanBleDeviceViewController.swift */,
				698111C0269203980033B77F /* AppParamatersSettingViewController.swift */,
			);
			path = Setting;
			sourceTree = "<group>";
		};
		69B10B8A262DE8FE00617D17 /* Controller */ = {
			isa = PBXGroup;
			children = (
				69B10B8B262DE91700617D17 /* HomeViewController.swift */,
				69CB1AC0266534F6001BE0D3 /* MyDeviceListViewController.swift */,
			);
			path = Controller;
			sourceTree = "<group>";
		};
		69B10BAB262DF41E00617D17 /* Common */ = {
			isa = PBXGroup;
			children = (
				6994F9EE2678FA0F00EF073A /* keyboard */,
				699786E3267281C600FF7946 /* Bluetooth */,
				69AF2FBC26692F790015B987 /* BinaryKit */,
				69B10D63263499B800617D17 /* Extension */,
				69B10BAC262DF47900617D17 /* Macro.swift */,
				69B10C60262F5DE100617D17 /* GlobalConfigure.swift */,
				69B10DBF26371AE300617D17 /* UserDefaultsKeys.swift */,
				69CB1ABE266404D2001BE0D3 /* OCRealmManager.swift */,
				69CB1B062667E632001BE0D3 /* OCBlueToothManager.swift */,
				69D4FAB8266B6350009D4EF0 /* GlobalDataMananger.swift */,
				693DAFA7266D03B70007EADD /* OCByteManager.swift */,
				693DAFA3266CEAB10007EADD /* OilChecker-Bridging-Header.h */,
				698111C3269210AC0033B77F /* BalloonMarker.swift */,
			);
			path = Common;
			sourceTree = "<group>";
		};
		69B10C0F262DFA5F00617D17 /* Resource */ = {
			isa = PBXGroup;
			children = (
				69CAA36526275E8400333AA2 /* Info.plist */,
				69B10C1A262DFAAC00617D17 /* Localizable.strings */,
				69CAA36226275E8400333AA2 /* LaunchScreen.storyboard */,
			);
			path = Resource;
			sourceTree = "<group>";
		};
		69B10C57262F5B7200617D17 /* View */ = {
			isa = PBXGroup;
			children = (
				69B10C58262F5B8700617D17 /* SettingTableViewCell.swift */,
				69B10C872631E41300617D17 /* AddSectionHeaderView.swift */,
				69B10CC6263324E300617D17 /* AddNewCarTableViewCell.swift */,
				69B10CCB26332E7700617D17 /* MyCarInfoTableViewCell.swift */,
				69B10D4C263465EE00617D17 /* MalfunctionTableViewCell.swift */,
				6953CCFA26431F8100D48DA2 /* OCInputView.swift */,
			);
			path = View;
			sourceTree = "<group>";
		};
		69B10CBC2631F89200617D17 /* Model */ = {
			isa = PBXGroup;
			children = (
				69B10CBD2631F8B200617D17 /* UserAndCarModel.swift */,
				69B10D472634615B00617D17 /* MalfunctionModel.swift */,
			);
			path = Model;
			sourceTree = "<group>";
		};
		69B10D5126347F5400617D17 /* View */ = {
			isa = PBXGroup;
			children = (
				69B10D5A26348BEB00617D17 /* FuelConsumptionView.swift */,
				69B10D7126359E1000617D17 /* RefuelRecordView.swift */,
				6953CCE72642E5A100D48DA2 /* RecordTableViewCell.swift */,
			);
			path = View;
			sourceTree = "<group>";
		};
		69B10D63263499B800617D17 /* Extension */ = {
			isa = PBXGroup;
			children = (
				69B10D64263499D200617D17 /* ButtonExtension.swift */,
				69B10E67263DBEAE00617D17 /* DateValueFormatter.swift */,
				69AF2FB826691C370015B987 /* ExpandButton.swift */,
			);
			path = Extension;
			sourceTree = "<group>";
		};
		69B10D9A2635C70000617D17 /* View */ = {
			isa = PBXGroup;
			children = (
				69B10D9B2635C74900617D17 /* FuelCapacityView.swift */,
				69B10DA02635D05600617D17 /* HomeChartView.swift */,
			);
			path = View;
			sourceTree = "<group>";
		};
		69B10E08263B12E700617D17 /* Model */ = {
			isa = PBXGroup;
			children = (
				69B10E26263B237C00617D17 /* RefuelRecordModel.swift */,
				69B10E45263B2AAC00617D17 /* FuelConsumptionModel.swift */,
				69B10E6C263DD95C00617D17 /* BaseFuelDataModel.swift */,
			);
			path = Model;
			sourceTree = "<group>";
		};
		69CAA34B26275E8100333AA2 = {
			isa = PBXGroup;
			children = (
				699786FF2674853A00FF7946 /* AliyunEmasServices-Info.plist */,
				69CAA35626275E8100333AA2 /* OilChecker */,
				69CAA36D26275E8400333AA2 /* OilCheckerTests */,
				69CAA37826275E8400333AA2 /* OilCheckerUITests */,
				69CAA35526275E8100333AA2 /* Products */,
				5CE531759A1C1F48FEDFF442 /* Pods */,
				2C4D5684988726E2621BBCDA /* Frameworks */,
			);
			sourceTree = "<group>";
		};
		69CAA35526275E8100333AA2 /* Products */ = {
			isa = PBXGroup;
			children = (
				69CAA35426275E8100333AA2 /* OilChecker.app */,
				69CAA36A26275E8400333AA2 /* OilCheckerTests.xctest */,
				69CAA37526275E8400333AA2 /* OilCheckerUITests.xctest */,
			);
			name = Products;
			sourceTree = "<group>";
		};
		69CAA35626275E8100333AA2 /* OilChecker */ = {
			isa = PBXGroup;
			children = (
				69CAA35726275E8100333AA2 /* AppDelegate.swift */,
				69B10B85262DE7FA00617D17 /* Modules */,
				69CAA3CD2628B11500333AA2 /* Base */,
				69B10BAB262DF41E00617D17 /* Common */,
				69CAA36026275E8400333AA2 /* Assets.xcassets */,
				69B10C0F262DFA5F00617D17 /* Resource */,
			);
			path = OilChecker;
			sourceTree = "<group>";
		};
		69CAA36D26275E8400333AA2 /* OilCheckerTests */ = {
			isa = PBXGroup;
			children = (
				69CAA36E26275E8400333AA2 /* OilCheckerTests.swift */,
				69CAA37026275E8400333AA2 /* Info.plist */,
			);
			path = OilCheckerTests;
			sourceTree = "<group>";
		};
		69CAA37826275E8400333AA2 /* OilCheckerUITests */ = {
			isa = PBXGroup;
			children = (
				69CAA37926275E8400333AA2 /* OilCheckerUITests.swift */,
				69CAA37B26275E8400333AA2 /* Info.plist */,
			);
			path = OilCheckerUITests;
			sourceTree = "<group>";
		};
		69CAA3CD2628B11500333AA2 /* Base */ = {
			isa = PBXGroup;
			children = (
				69CAA3CF2628B14100333AA2 /* BaseView */,
				69CAA3CE2628B12600333AA2 /* BaseViewController */,
			);
			path = Base;
			sourceTree = "<group>";
		};
		69CAA3CE2628B12600333AA2 /* BaseViewController */ = {
			isa = PBXGroup;
			children = (
				69CAA3D02628B17D00333AA2 /* BaseNavigationController.swift */,
				69CAA3D92628B19600333AA2 /* BaseViewController.swift */,
			);
			path = BaseViewController;
			sourceTree = "<group>";
		};
		69CAA3CF2628B14100333AA2 /* BaseView */ = {
			isa = PBXGroup;
			children = (
				69B10B7B262DE76A00617D17 /* BaseTabBarItemContentView.swift */,
				69B10B80262DE7A200617D17 /* BaseBouncesContentView.swift */,
				69B10D6C2635825F00617D17 /* BaseEmptyView.swift */,
			);
			path = BaseView;
			sourceTree = "<group>";
		};
/* End PBXGroup section */

/* Begin PBXNativeTarget section */
		69CAA35326275E8100333AA2 /* OilChecker */ = {
			isa = PBXNativeTarget;
			buildConfigurationList = 69CAA37E26275E8400333AA2 /* Build configuration list for PBXNativeTarget "OilChecker" */;
			buildPhases = (
				2B099FF9E83ECAFC046B3862 /* [CP] Check Pods Manifest.lock */,
				69CAA35026275E8100333AA2 /* Sources */,
				69CAA35126275E8100333AA2 /* Frameworks */,
				69CAA35226275E8100333AA2 /* Resources */,
				6AD661E0EA1A86AF2B0D1901 /* [CP] Embed Pods Frameworks */,
			);
			buildRules = (
			);
			dependencies = (
			);
			name = OilChecker;
			productName = OilChecker;
			productReference = 69CAA35426275E8100333AA2 /* OilChecker.app */;
			productType = "com.apple.product-type.application";
		};
		69CAA36926275E8400333AA2 /* OilCheckerTests */ = {
			isa = PBXNativeTarget;
			buildConfigurationList = 69CAA38126275E8400333AA2 /* Build configuration list for PBXNativeTarget "OilCheckerTests" */;
			buildPhases = (
				69CAA36626275E8400333AA2 /* Sources */,
				69CAA36726275E8400333AA2 /* Frameworks */,
				69CAA36826275E8400333AA2 /* Resources */,
			);
			buildRules = (
			);
			dependencies = (
				69CAA36C26275E8400333AA2 /* PBXTargetDependency */,
			);
			name = OilCheckerTests;
			productName = OilCheckerTests;
			productReference = 69CAA36A26275E8400333AA2 /* OilCheckerTests.xctest */;
			productType = "com.apple.product-type.bundle.unit-test";
		};
		69CAA37426275E8400333AA2 /* OilCheckerUITests */ = {
			isa = PBXNativeTarget;
			buildConfigurationList = 69CAA38426275E8400333AA2 /* Build configuration list for PBXNativeTarget "OilCheckerUITests" */;
			buildPhases = (
				69CAA37126275E8400333AA2 /* Sources */,
				69CAA37226275E8400333AA2 /* Frameworks */,
				69CAA37326275E8400333AA2 /* Resources */,
			);
			buildRules = (
			);
			dependencies = (
				69CAA37726275E8400333AA2 /* PBXTargetDependency */,
			);
			name = OilCheckerUITests;
			productName = OilCheckerUITests;
			productReference = 69CAA37526275E8400333AA2 /* OilCheckerUITests.xctest */;
			productType = "com.apple.product-type.bundle.ui-testing";
		};
/* End PBXNativeTarget section */

/* Begin PBXProject section */
		69CAA34C26275E8100333AA2 /* Project object */ = {
			isa = PBXProject;
			attributes = {
				LastSwiftUpdateCheck = 1240;
				LastUpgradeCheck = 1240;
				TargetAttributes = {
					69CAA35326275E8100333AA2 = {
						CreatedOnToolsVersion = 12.4;
						LastSwiftMigration = 1250;
					};
					69CAA36926275E8400333AA2 = {
						CreatedOnToolsVersion = 12.4;
						TestTargetID = 69CAA35326275E8100333AA2;
					};
					69CAA37426275E8400333AA2 = {
						CreatedOnToolsVersion = 12.4;
						TestTargetID = 69CAA35326275E8100333AA2;
					};
				};
			};
			buildConfigurationList = 69CAA34F26275E8100333AA2 /* Build configuration list for PBXProject "OilChecker" */;
			compatibilityVersion = "Xcode 9.3";
			developmentRegion = en;
			hasScannedForEncodings = 0;
			knownRegions = (
				en,
				Base,
				"zh-Hans",
			);
			mainGroup = 69CAA34B26275E8100333AA2;
			productRefGroup = 69CAA35526275E8100333AA2 /* Products */;
			projectDirPath = "";
			projectRoot = "";
			targets = (
				69CAA35326275E8100333AA2 /* OilChecker */,
				69CAA36926275E8400333AA2 /* OilCheckerTests */,
				69CAA37426275E8400333AA2 /* OilCheckerUITests */,
			);
		};
/* End PBXProject section */

/* Begin PBXResourcesBuildPhase section */
		69CAA35226275E8100333AA2 /* Resources */ = {
			isa = PBXResourcesBuildPhase;
			buildActionMask = 2147483647;
			files = (
				699787002674853A00FF7946 /* AliyunEmasServices-Info.plist in Resources */,
				69CAA36426275E8400333AA2 /* LaunchScreen.storyboard in Resources */,
				69B10C18262DFAAC00617D17 /* Localizable.strings in Resources */,
				69CAA36126275E8400333AA2 /* Assets.xcassets in Resources */,
			);
			runOnlyForDeploymentPostprocessing = 0;
		};
		69CAA36826275E8400333AA2 /* Resources */ = {
			isa = PBXResourcesBuildPhase;
			buildActionMask = 2147483647;
			files = (
			);
			runOnlyForDeploymentPostprocessing = 0;
		};
		69CAA37326275E8400333AA2 /* Resources */ = {
			isa = PBXResourcesBuildPhase;
			buildActionMask = 2147483647;
			files = (
			);
			runOnlyForDeploymentPostprocessing = 0;
		};
/* End PBXResourcesBuildPhase section */

/* Begin PBXShellScriptBuildPhase section */
		2B099FF9E83ECAFC046B3862 /* [CP] Check Pods Manifest.lock */ = {
			isa = PBXShellScriptBuildPhase;
			buildActionMask = 2147483647;
			files = (
			);
			inputFileListPaths = (
			);
			inputPaths = (
				"${PODS_PODFILE_DIR_PATH}/Podfile.lock",
				"${PODS_ROOT}/Manifest.lock",
			);
			name = "[CP] Check Pods Manifest.lock";
			outputFileListPaths = (
			);
			outputPaths = (
				"$(DERIVED_FILE_DIR)/Pods-OilChecker-checkManifestLockResult.txt",
			);
			runOnlyForDeploymentPostprocessing = 0;
			shellPath = /bin/sh;
			shellScript = "diff \"${PODS_PODFILE_DIR_PATH}/Podfile.lock\" \"${PODS_ROOT}/Manifest.lock\" > /dev/null\nif [ $? != 0 ] ; then\n    # print error to STDERR\n    echo \"error: The sandbox is not in sync with the Podfile.lock. Run 'pod install' or update your CocoaPods installation.\" >&2\n    exit 1\nfi\n# This output is used by Xcode 'outputs' to avoid re-running this script phase.\necho \"SUCCESS\" > \"${SCRIPT_OUTPUT_FILE_0}\"\n";
			showEnvVarsInLog = 0;
		};
		6AD661E0EA1A86AF2B0D1901 /* [CP] Embed Pods Frameworks */ = {
			isa = PBXShellScriptBuildPhase;
			buildActionMask = 2147483647;
			files = (
			);
			inputFileListPaths = (
				"${PODS_ROOT}/Target Support Files/Pods-OilChecker/Pods-OilChecker-frameworks-${CONFIGURATION}-input-files.xcfilelist",
			);
			name = "[CP] Embed Pods Frameworks";
			outputFileListPaths = (
				"${PODS_ROOT}/Target Support Files/Pods-OilChecker/Pods-OilChecker-frameworks-${CONFIGURATION}-output-files.xcfilelist",
			);
			runOnlyForDeploymentPostprocessing = 0;
			shellPath = /bin/sh;
			shellScript = "\"${PODS_ROOT}/Target Support Files/Pods-OilChecker/Pods-OilChecker-frameworks.sh\"\n";
			showEnvVarsInLog = 0;
		};
/* End PBXShellScriptBuildPhase section */

/* Begin PBXSourcesBuildPhase section */
		69CAA35026275E8100333AA2 /* Sources */ = {
			isa = PBXSourcesBuildPhase;
			buildActionMask = 2147483647;
			files = (
				69B10D65263499D200617D17 /* ButtonExtension.swift in Sources */,
				69B10D912635A41A00617D17 /* FuelConsumptionDetailViewController.swift in Sources */,
				69CB1B072667E632001BE0D3 /* OCBlueToothManager.swift in Sources */,
				69AF2FC226692F790015B987 /* BinaryError.swift in Sources */,
				699786FA267281F900FF7946 /* BabyPeripheralManager.m in Sources */,
				69AF2FC626692F790015B987 /* Binary.swift in Sources */,
				69B10BAD262DF47900617D17 /* Macro.swift in Sources */,
				69B10DA12635D05600617D17 /* HomeChartView.swift in Sources */,
				693DAFA8266D03B70007EADD /* OCByteManager.swift in Sources */,
				6994F9F02678FA3700EF073A /* KeyboardView.swift in Sources */,
				69B10E6D263DD95C00617D17 /* BaseFuelDataModel.swift in Sources */,
				69AF2FB926691C370015B987 /* ExpandButton.swift in Sources */,
				69B10D432634480F00617D17 /* MalfunctionListViewController.swift in Sources */,
				69B10C61262F5DE100617D17 /* GlobalConfigure.swift in Sources */,
				69B10B81262DE7A200617D17 /* BaseBouncesContentView.swift in Sources */,
				6994F9F22678FCB900EF073A /* DigitsCell.swift in Sources */,
				69B10D9C2635C74900617D17 /* FuelCapacityView.swift in Sources */,
				69B10DC026371AE300617D17 /* UserDefaultsKeys.swift in Sources */,
				69AF2FC526692F790015B987 /* UIntExtensions.swift in Sources */,
				69B10D482634615B00617D17 /* MalfunctionModel.swift in Sources */,
				69B10CD12633F6E200617D17 /* AddNewDeviceViewController.swift in Sources */,
				698111C1269203980033B77F /* AppParamatersSettingViewController.swift in Sources */,
				69CAA3DA2628B19600333AA2 /* BaseViewController.swift in Sources */,
				69CB1ABF266404D2001BE0D3 /* OCRealmManager.swift in Sources */,
				69B10C882631E41300617D17 /* AddSectionHeaderView.swift in Sources */,
				699786F6267281F900FF7946 /* BabyBluetooth.m in Sources */,
				69B10C59262F5B8700617D17 /* SettingTableViewCell.swift in Sources */,
				699786F8267281F900FF7946 /* BabyToy.m in Sources */,
				69B10CCC26332E7700617D17 /* MyCarInfoTableViewCell.swift in Sources */,
				69B10E46263B2AAC00617D17 /* FuelConsumptionModel.swift in Sources */,
				69B10D6D2635825F00617D17 /* BaseEmptyView.swift in Sources */,
				69B10C40262F517300617D17 /* SettingViewController.swift in Sources */,
				69B10CC7263324E300617D17 /* AddNewCarTableViewCell.swift in Sources */,
				69AF2FC426692F790015B987 /* StringExtensions.swift in Sources */,
				698111C4269210AC0033B77F /* BalloonMarker.swift in Sources */,
				699786FE267281F900FF7946 /* BabyRhythm.m in Sources */,
				69B10D7226359E1000617D17 /* RefuelRecordView.swift in Sources */,
				69CAA35826275E8100333AA2 /* AppDelegate.swift in Sources */,
				69B10B7C262DE76A00617D17 /* BaseTabBarItemContentView.swift in Sources */,
				69B10E68263DBEAE00617D17 /* DateValueFormatter.swift in Sources */,
				699786F7267281F900FF7946 /* BabySpeaker.m in Sources */,
				69B10D5326347F6A00617D17 /* StatisticalViewController.swift in Sources */,
				69AF2FC326692F790015B987 /* FixedWidthIntegerExtensions.swift in Sources */,
				6953CD03264458B100D48DA2 /* ScanBleDeviceViewController.swift in Sources */,
				69B10CBE2631F8B200617D17 /* UserAndCarModel.swift in Sources */,
				699786FB267281F900FF7946 /* BabyCallback.m in Sources */,
				69B10B8C262DE91700617D17 /* HomeViewController.swift in Sources */,
				699786FC267281F900FF7946 /* BabyCentralManager.m in Sources */,
				699786F9267281F900FF7946 /* BabyOptions.m in Sources */,
				69B10E27263B237C00617D17 /* RefuelRecordModel.swift in Sources */,
				69B10D4D263465EE00617D17 /* MalfunctionTableViewCell.swift in Sources */,
				69B10D5B26348BEB00617D17 /* FuelConsumptionView.swift in Sources */,
				69CAA3D12628B17E00333AA2 /* BaseNavigationController.swift in Sources */,
				699786FD267281F900FF7946 /* BabyDefine.m in Sources */,
				69B10D962635A42E00617D17 /* RefuelRecordDetailViewController.swift in Sources */,
				69D4FAB9266B6350009D4EF0 /* GlobalDataMananger.swift in Sources */,
				6953CCE82642E5A100D48DA2 /* RecordTableViewCell.swift in Sources */,
				6953CCFB26431F8100D48DA2 /* OCInputView.swift in Sources */,
				69CB1AC1266534F6001BE0D3 /* MyDeviceListViewController.swift in Sources */,
			);
			runOnlyForDeploymentPostprocessing = 0;
		};
		69CAA36626275E8400333AA2 /* Sources */ = {
			isa = PBXSourcesBuildPhase;
			buildActionMask = 2147483647;
			files = (
				69CAA36F26275E8400333AA2 /* OilCheckerTests.swift in Sources */,
			);
			runOnlyForDeploymentPostprocessing = 0;
		};
		69CAA37126275E8400333AA2 /* Sources */ = {
			isa = PBXSourcesBuildPhase;
			buildActionMask = 2147483647;
			files = (
				69CAA37A26275E8400333AA2 /* OilCheckerUITests.swift in Sources */,
			);
			runOnlyForDeploymentPostprocessing = 0;
		};
/* End PBXSourcesBuildPhase section */

/* Begin PBXTargetDependency section */
		69CAA36C26275E8400333AA2 /* PBXTargetDependency */ = {
			isa = PBXTargetDependency;
			target = 69CAA35326275E8100333AA2 /* OilChecker */;
			targetProxy = 69CAA36B26275E8400333AA2 /* PBXContainerItemProxy */;
		};
		69CAA37726275E8400333AA2 /* PBXTargetDependency */ = {
			isa = PBXTargetDependency;
			target = 69CAA35326275E8100333AA2 /* OilChecker */;
			targetProxy = 69CAA37626275E8400333AA2 /* PBXContainerItemProxy */;
		};
/* End PBXTargetDependency section */

/* Begin PBXVariantGroup section */
		69B10C1A262DFAAC00617D17 /* Localizable.strings */ = {
			isa = PBXVariantGroup;
			children = (
				69B10C19262DFAAC00617D17 /* en */,
				69B10C1B262DFAB100617D17 /* zh-Hans */,
			);
			name = Localizable.strings;
			sourceTree = "<group>";
		};
		69CAA36226275E8400333AA2 /* LaunchScreen.storyboard */ = {
			isa = PBXVariantGroup;
			children = (
				69CAA36326275E8400333AA2 /* Base */,
			);
			name = LaunchScreen.storyboard;
			sourceTree = "<group>";
		};
/* End PBXVariantGroup section */

/* Begin XCBuildConfiguration section */
		69CAA37C26275E8400333AA2 /* Debug */ = {
			isa = XCBuildConfiguration;
			buildSettings = {
				ALWAYS_SEARCH_USER_PATHS = NO;
				CLANG_ANALYZER_LOCALIZABILITY_NONLOCALIZED = YES;
				CLANG_ANALYZER_NONNULL = YES;
				CLANG_ANALYZER_NUMBER_OBJECT_CONVERSION = YES_AGGRESSIVE;
				CLANG_CXX_LANGUAGE_STANDARD = "gnu++14";
				CLANG_CXX_LIBRARY = "libc++";
				CLANG_ENABLE_MODULES = YES;
				CLANG_ENABLE_OBJC_ARC = YES;
				CLANG_ENABLE_OBJC_WEAK = YES;
				CLANG_WARN_BLOCK_CAPTURE_AUTORELEASING = YES;
				CLANG_WARN_BOOL_CONVERSION = YES;
				CLANG_WARN_COMMA = YES;
				CLANG_WARN_CONSTANT_CONVERSION = YES;
				CLANG_WARN_DEPRECATED_OBJC_IMPLEMENTATIONS = YES;
				CLANG_WARN_DIRECT_OBJC_ISA_USAGE = YES_ERROR;
				CLANG_WARN_DOCUMENTATION_COMMENTS = YES;
				CLANG_WARN_EMPTY_BODY = YES;
				CLANG_WARN_ENUM_CONVERSION = YES;
				CLANG_WARN_INFINITE_RECURSION = YES;
				CLANG_WARN_INT_CONVERSION = YES;
				CLANG_WARN_NON_LITERAL_NULL_CONVERSION = YES;
				CLANG_WARN_OBJC_IMPLICIT_RETAIN_SELF = YES;
				CLANG_WARN_OBJC_LITERAL_CONVERSION = YES;
				CLANG_WARN_OBJC_ROOT_CLASS = YES_ERROR;
				CLANG_WARN_QUOTED_INCLUDE_IN_FRAMEWORK_HEADER = YES;
				CLANG_WARN_RANGE_LOOP_ANALYSIS = YES;
				CLANG_WARN_STRICT_PROTOTYPES = YES;
				CLANG_WARN_SUSPICIOUS_MOVE = YES;
				CLANG_WARN_UNGUARDED_AVAILABILITY = YES_AGGRESSIVE;
				CLANG_WARN_UNREACHABLE_CODE = YES;
				CLANG_WARN__DUPLICATE_METHOD_MATCH = YES;
				COPY_PHASE_STRIP = NO;
				DEBUG_INFORMATION_FORMAT = dwarf;
				ENABLE_STRICT_OBJC_MSGSEND = YES;
				ENABLE_TESTABILITY = YES;
				GCC_C_LANGUAGE_STANDARD = gnu11;
				GCC_DYNAMIC_NO_PIC = NO;
				GCC_NO_COMMON_BLOCKS = YES;
				GCC_OPTIMIZATION_LEVEL = 0;
				GCC_PREPROCESSOR_DEFINITIONS = (
					"DEBUG=1",
					"$(inherited)",
				);
				GCC_WARN_64_TO_32_BIT_CONVERSION = YES;
				GCC_WARN_ABOUT_RETURN_TYPE = YES_ERROR;
				GCC_WARN_UNDECLARED_SELECTOR = YES;
				GCC_WARN_UNINITIALIZED_AUTOS = YES_AGGRESSIVE;
				GCC_WARN_UNUSED_FUNCTION = YES;
				GCC_WARN_UNUSED_VARIABLE = YES;
				IPHONEOS_DEPLOYMENT_TARGET = 14.4;
				MTL_ENABLE_DEBUG_INFO = INCLUDE_SOURCE;
				MTL_FAST_MATH = YES;
				ONLY_ACTIVE_ARCH = YES;
				SDKROOT = iphoneos;
				SWIFT_ACTIVE_COMPILATION_CONDITIONS = DEBUG;
				SWIFT_OPTIMIZATION_LEVEL = "-Onone";
			};
			name = Debug;
		};
		69CAA37D26275E8400333AA2 /* Release */ = {
			isa = XCBuildConfiguration;
			buildSettings = {
				ALWAYS_SEARCH_USER_PATHS = NO;
				CLANG_ANALYZER_LOCALIZABILITY_NONLOCALIZED = YES;
				CLANG_ANALYZER_NONNULL = YES;
				CLANG_ANALYZER_NUMBER_OBJECT_CONVERSION = YES_AGGRESSIVE;
				CLANG_CXX_LANGUAGE_STANDARD = "gnu++14";
				CLANG_CXX_LIBRARY = "libc++";
				CLANG_ENABLE_MODULES = YES;
				CLANG_ENABLE_OBJC_ARC = YES;
				CLANG_ENABLE_OBJC_WEAK = YES;
				CLANG_WARN_BLOCK_CAPTURE_AUTORELEASING = YES;
				CLANG_WARN_BOOL_CONVERSION = YES;
				CLANG_WARN_COMMA = YES;
				CLANG_WARN_CONSTANT_CONVERSION = YES;
				CLANG_WARN_DEPRECATED_OBJC_IMPLEMENTATIONS = YES;
				CLANG_WARN_DIRECT_OBJC_ISA_USAGE = YES_ERROR;
				CLANG_WARN_DOCUMENTATION_COMMENTS = YES;
				CLANG_WARN_EMPTY_BODY = YES;
				CLANG_WARN_ENUM_CONVERSION = YES;
				CLANG_WARN_INFINITE_RECURSION = YES;
				CLANG_WARN_INT_CONVERSION = YES;
				CLANG_WARN_NON_LITERAL_NULL_CONVERSION = YES;
				CLANG_WARN_OBJC_IMPLICIT_RETAIN_SELF = YES;
				CLANG_WARN_OBJC_LITERAL_CONVERSION = YES;
				CLANG_WARN_OBJC_ROOT_CLASS = YES_ERROR;
				CLANG_WARN_QUOTED_INCLUDE_IN_FRAMEWORK_HEADER = YES;
				CLANG_WARN_RANGE_LOOP_ANALYSIS = YES;
				CLANG_WARN_STRICT_PROTOTYPES = YES;
				CLANG_WARN_SUSPICIOUS_MOVE = YES;
				CLANG_WARN_UNGUARDED_AVAILABILITY = YES_AGGRESSIVE;
				CLANG_WARN_UNREACHABLE_CODE = YES;
				CLANG_WARN__DUPLICATE_METHOD_MATCH = YES;
				COPY_PHASE_STRIP = NO;
				DEBUG_INFORMATION_FORMAT = "dwarf-with-dsym";
				ENABLE_NS_ASSERTIONS = NO;
				ENABLE_STRICT_OBJC_MSGSEND = YES;
				GCC_C_LANGUAGE_STANDARD = gnu11;
				GCC_NO_COMMON_BLOCKS = YES;
				GCC_WARN_64_TO_32_BIT_CONVERSION = YES;
				GCC_WARN_ABOUT_RETURN_TYPE = YES_ERROR;
				GCC_WARN_UNDECLARED_SELECTOR = YES;
				GCC_WARN_UNINITIALIZED_AUTOS = YES_AGGRESSIVE;
				GCC_WARN_UNUSED_FUNCTION = YES;
				GCC_WARN_UNUSED_VARIABLE = YES;
				IPHONEOS_DEPLOYMENT_TARGET = 14.4;
				MTL_ENABLE_DEBUG_INFO = NO;
				MTL_FAST_MATH = YES;
				SDKROOT = iphoneos;
				SWIFT_COMPILATION_MODE = wholemodule;
				SWIFT_OPTIMIZATION_LEVEL = "-O";
				VALIDATE_PRODUCT = YES;
			};
			name = Release;
		};
		69CAA37F26275E8400333AA2 /* Debug */ = {
			isa = XCBuildConfiguration;
			baseConfigurationReference = E77FFEB2FE77314B5AC3A207 /* Pods-OilChecker.debug.xcconfig */;
			buildSettings = {
				ASSETCATALOG_COMPILER_APPICON_NAME = AppIcon;
				ASSETCATALOG_COMPILER_GLOBAL_ACCENT_COLOR_NAME = AccentColor;
				CLANG_ALLOW_NON_MODULAR_INCLUDES_IN_FRAMEWORK_MODULES = YES;
				CLANG_ENABLE_MODULES = YES;
				CLANG_ENABLE_OBJC_WEAK = NO;
				CODE_SIGN_STYLE = Automatic;
				DEVELOPMENT_TEAM = 4UW2XRZ2Z5;
				ENABLE_BITCODE = NO;
				INFOPLIST_FILE = OilChecker/Resource/Info.plist;
				IPHONEOS_DEPLOYMENT_TARGET = 13.0;
				LD_RUNPATH_SEARCH_PATHS = (
					"$(inherited)",
					"@executable_path/Frameworks",
				);
				MARKETING_VERSION = 1.0.0;
				PRODUCT_BUNDLE_IDENTIFIER = com.xyz.OilChecker;
				PRODUCT_NAME = "$(TARGET_NAME)";
				SWIFT_OBJC_BRIDGING_HEADER = "OilChecker/Common/OilChecker-Bridging-Header.h";
				SWIFT_OPTIMIZATION_LEVEL = "-Onone";
				SWIFT_VERSION = 5.0;
				TARGETED_DEVICE_FAMILY = 1;
			};
			name = Debug;
		};
		69CAA38026275E8400333AA2 /* Release */ = {
			isa = XCBuildConfiguration;
			baseConfigurationReference = 056F54F2EA47FA6C37668A74 /* Pods-OilChecker.release.xcconfig */;
			buildSettings = {
				ASSETCATALOG_COMPILER_APPICON_NAME = AppIcon;
				ASSETCATALOG_COMPILER_GLOBAL_ACCENT_COLOR_NAME = AccentColor;
				CLANG_ALLOW_NON_MODULAR_INCLUDES_IN_FRAMEWORK_MODULES = YES;
				CLANG_ENABLE_MODULES = YES;
				CLANG_ENABLE_OBJC_WEAK = NO;
				CODE_SIGN_STYLE = Automatic;
				DEVELOPMENT_TEAM = 4UW2XRZ2Z5;
				ENABLE_BITCODE = NO;
				INFOPLIST_FILE = OilChecker/Resource/Info.plist;
				IPHONEOS_DEPLOYMENT_TARGET = 13.0;
				LD_RUNPATH_SEARCH_PATHS = (
					"$(inherited)",
					"@executable_path/Frameworks",
				);
				MARKETING_VERSION = 1.0.0;
				PRODUCT_BUNDLE_IDENTIFIER = com.xyz.OilChecker;
				PRODUCT_NAME = "$(TARGET_NAME)";
				SWIFT_OBJC_BRIDGING_HEADER = "OilChecker/Common/OilChecker-Bridging-Header.h";
				SWIFT_VERSION = 5.0;
				TARGETED_DEVICE_FAMILY = 1;
			};
			name = Release;
		};
		69CAA38226275E8400333AA2 /* Debug */ = {
			isa = XCBuildConfiguration;
			buildSettings = {
				ALWAYS_EMBED_SWIFT_STANDARD_LIBRARIES = YES;
				BUNDLE_LOADER = "$(TEST_HOST)";
				CODE_SIGN_STYLE = Automatic;
				INFOPLIST_FILE = OilCheckerTests/Info.plist;
				IPHONEOS_DEPLOYMENT_TARGET = 14.4;
				LD_RUNPATH_SEARCH_PATHS = (
					"$(inherited)",
					"@executable_path/Frameworks",
					"@loader_path/Frameworks",
				);
				PRODUCT_BUNDLE_IDENTIFIER = com.xyz.OilCheckerTests;
				PRODUCT_NAME = "$(TARGET_NAME)";
				SWIFT_VERSION = 5.0;
				TARGETED_DEVICE_FAMILY = "1,2";
				TEST_HOST = "$(BUILT_PRODUCTS_DIR)/OilChecker.app/OilChecker";
			};
			name = Debug;
		};
		69CAA38326275E8400333AA2 /* Release */ = {
			isa = XCBuildConfiguration;
			buildSettings = {
				ALWAYS_EMBED_SWIFT_STANDARD_LIBRARIES = YES;
				BUNDLE_LOADER = "$(TEST_HOST)";
				CODE_SIGN_STYLE = Automatic;
				INFOPLIST_FILE = OilCheckerTests/Info.plist;
				IPHONEOS_DEPLOYMENT_TARGET = 14.4;
				LD_RUNPATH_SEARCH_PATHS = (
					"$(inherited)",
					"@executable_path/Frameworks",
					"@loader_path/Frameworks",
				);
				PRODUCT_BUNDLE_IDENTIFIER = com.xyz.OilCheckerTests;
				PRODUCT_NAME = "$(TARGET_NAME)";
				SWIFT_VERSION = 5.0;
				TARGETED_DEVICE_FAMILY = "1,2";
				TEST_HOST = "$(BUILT_PRODUCTS_DIR)/OilChecker.app/OilChecker";
			};
			name = Release;
		};
		69CAA38526275E8400333AA2 /* Debug */ = {
			isa = XCBuildConfiguration;
			buildSettings = {
				ALWAYS_EMBED_SWIFT_STANDARD_LIBRARIES = YES;
				CODE_SIGN_STYLE = Automatic;
				INFOPLIST_FILE = OilCheckerUITests/Info.plist;
				LD_RUNPATH_SEARCH_PATHS = (
					"$(inherited)",
					"@executable_path/Frameworks",
					"@loader_path/Frameworks",
				);
				PRODUCT_BUNDLE_IDENTIFIER = com.xyz.OilCheckerUITests;
				PRODUCT_NAME = "$(TARGET_NAME)";
				SWIFT_VERSION = 5.0;
				TARGETED_DEVICE_FAMILY = "1,2";
				TEST_TARGET_NAME = OilChecker;
			};
			name = Debug;
		};
		69CAA38626275E8400333AA2 /* Release */ = {
			isa = XCBuildConfiguration;
			buildSettings = {
				ALWAYS_EMBED_SWIFT_STANDARD_LIBRARIES = YES;
				CODE_SIGN_STYLE = Automatic;
				INFOPLIST_FILE = OilCheckerUITests/Info.plist;
				LD_RUNPATH_SEARCH_PATHS = (
					"$(inherited)",
					"@executable_path/Frameworks",
					"@loader_path/Frameworks",
				);
				PRODUCT_BUNDLE_IDENTIFIER = com.xyz.OilCheckerUITests;
				PRODUCT_NAME = "$(TARGET_NAME)";
				SWIFT_VERSION = 5.0;
				TARGETED_DEVICE_FAMILY = "1,2";
				TEST_TARGET_NAME = OilChecker;
			};
			name = Release;
		};
/* End XCBuildConfiguration section */

/* Begin XCConfigurationList section */
		69CAA34F26275E8100333AA2 /* Build configuration list for PBXProject "OilChecker" */ = {
			isa = XCConfigurationList;
			buildConfigurations = (
				69CAA37C26275E8400333AA2 /* Debug */,
				69CAA37D26275E8400333AA2 /* Release */,
			);
			defaultConfigurationIsVisible = 0;
			defaultConfigurationName = Release;
		};
		69CAA37E26275E8400333AA2 /* Build configuration list for PBXNativeTarget "OilChecker" */ = {
			isa = XCConfigurationList;
			buildConfigurations = (
				69CAA37F26275E8400333AA2 /* Debug */,
				69CAA38026275E8400333AA2 /* Release */,
			);
			defaultConfigurationIsVisible = 0;
			defaultConfigurationName = Release;
		};
		69CAA38126275E8400333AA2 /* Build configuration list for PBXNativeTarget "OilCheckerTests" */ = {
			isa = XCConfigurationList;
			buildConfigurations = (
				69CAA38226275E8400333AA2 /* Debug */,
				69CAA38326275E8400333AA2 /* Release */,
			);
			defaultConfigurationIsVisible = 0;
			defaultConfigurationName = Release;
		};
		69CAA38426275E8400333AA2 /* Build configuration list for PBXNativeTarget "OilCheckerUITests" */ = {
			isa = XCConfigurationList;
			buildConfigurations = (
				69CAA38526275E8400333AA2 /* Debug */,
				69CAA38626275E8400333AA2 /* Release */,
			);
			defaultConfigurationIsVisible = 0;
			defaultConfigurationName = Release;
		};
/* End XCConfigurationList section */
	};
	rootObject = 69CAA34C26275E8100333AA2 /* Project object */;
}
